
Microsoft Visual Studio Solution File, Format Version 12.00
# Visual Studio Version 17
VisualStudioVersion = 17.7.34018.315
MinimumVisualStudioVersion = 10.0.40219.1
Project("{FAE04EC0-301F-11D3-BF4B-00C04F79EFBC}") = "project", "project.csproj", "{C150FBE6-9BB8-45AC-9BB7-413DC6874661}"
EndProject
Global
	GlobalSection(SolutionConfigurationPlatforms) = preSolution
		Debug|Any CPU = Debug|Any CPU
		Release|Any CPU = Release|Any CPU
	EndGlobalSection
	GlobalSection(ProjectConfigurationPlatforms) = postSolution
		{C150FBE6-9BB8-45AC-9BB7-413DC6874661}.Debug|Any CPU.ActiveCfg = Debug|Any CPU
		{C150FBE6-9BB8-45AC-9BB7-413DC6874661}.Debug|Any CPU.Build.0 = Debug|Any CPU
		{C150FBE6-9BB8-45AC-9BB7-413DC6874661}.Release|Any CPU.ActiveCfg = Release|Any CPU
		{C150FBE6-9BB8-45AC-9BB7-413DC6874661}.Release|Any CPU.Build.0 = Release|Any CPU
	EndGlobalSection
	GlobalSection(SolutionProperties) = preSolution
		HideSolutionNode = FALSE
	EndGlobalSection
	GlobalSection(ExtensibilityGlobals) = postSolution
		SolutionGuid = {825091DE-55C2-4155-AEF1-8F40704CD949}
	EndGlobalSection
EndGlobal
